// !$*UTF8*$!
{
	archiveVersion = 1;
	classes = {
	};
	objectVersion = 56;
	objects = {

/* Begin PBXBuildFile section */
		2DA45CC62AFBB3F600F6ACEB /* AppDelegate.swift in Sources */ = {isa = PBXBuildFile; fileRef = 2DA45CC52AFBB3F600F6ACEB /* AppDelegate.swift */; };
		2DA45CC82AFBB3F600F6ACEB /* SceneDelegate.swift in Sources */ = {isa = PBXBuildFile; fileRef = 2DA45CC72AFBB3F600F6ACEB /* SceneDelegate.swift */; };
		2DA45CCD2AFBB3F600F6ACEB /* Main.storyboard in Resources */ = {isa = PBXBuildFile; fileRef = 2DA45CCB2AFBB3F600F6ACEB /* Main.storyboard */; };
		2DA45CCF2AFBB3F700F6ACEB /* Assets.xcassets in Resources */ = {isa = PBXBuildFile; fileRef = 2DA45CCE2AFBB3F700F6ACEB /* Assets.xcassets */; };
		2DA45CD22AFBB3F700F6ACEB /* LaunchScreen.storyboard in Resources */ = {isa = PBXBuildFile; fileRef = 2DA45CD02AFBB3F700F6ACEB /* LaunchScreen.storyboard */; };
		2DA45CE02AFBB7D900F6ACEB /* MainViewController.swift in Sources */ = {isa = PBXBuildFile; fileRef = 2DA45CDF2AFBB7D900F6ACEB /* MainViewController.swift */; };
		2DA45CE22AFBB83C00F6ACEB /* Animation.swift in Sources */ = {isa = PBXBuildFile; fileRef = 2DA45CE12AFBB83C00F6ACEB /* Animation.swift */; };
		2DA45CE42AFBB8A700F6ACEB /* DataStore.swift in Sources */ = {isa = PBXBuildFile; fileRef = 2DA45CE32AFBB8A700F6ACEB /* DataStore.swift */; };
		2DA45CE72AFBB98A00F6ACEB /* SpringAnimation in Frameworks */ = {isa = PBXBuildFile; productRef = 2DA45CE62AFBB98A00F6ACEB /* SpringAnimation */; };
/* End PBXBuildFile section */

/* Begin PBXFileReference section */
		2DA45CC22AFBB3F600F6ACEB /* SpringAnimationApp.app */ = {isa = PBXFileReference; explicitFileType = wrapper.application; includeInIndex = 0; path = SpringAnimationApp.app; sourceTree = BUILT_PRODUCTS_DIR; };
		2DA45CC52AFBB3F600F6ACEB /* AppDelegate.swift */ = {isa = PBXFileReference; lastKnownFileType = sourcecode.swift; path = AppDelegate.swift; sourceTree = "<group>"; };
		2DA45CC72AFBB3F600F6ACEB /* SceneDelegate.swift */ = {isa = PBXFileReference; lastKnownFileType = sourcecode.swift; path = SceneDelegate.swift; sourceTree = "<group>"; };
		2DA45CCC2AFBB3F600F6ACEB /* Base */ = {isa = PBXFileReference; lastKnownFileType = file.storyboard; name = Base; path = Base.lproj/Main.storyboard; sourceTree = "<group>"; };
		2DA45CCE2AFBB3F700F6ACEB /* Assets.xcassets */ = {isa = PBXFileReference; lastKnownFileType = folder.assetcatalog; path = Assets.xcassets; sourceTree = "<group>"; };
		2DA45CD12AFBB3F700F6ACEB /* Base */ = {isa = PBXFileReference; lastKnownFileType = file.storyboard; name = Base; path = Base.lproj/LaunchScreen.storyboard; sourceTree = "<group>"; };
		2DA45CD32AFBB3F700F6ACEB /* Info.plist */ = {isa = PBXFileReference; lastKnownFileType = text.plist.xml; path = Info.plist; sourceTree = "<group>"; };
		2DA45CDF2AFBB7D900F6ACEB /* MainViewController.swift */ = {isa = PBXFileReference; lastKnownFileType = sourcecode.swift; path = MainViewController.swift; sourceTree = "<group>"; };
		2DA45CE12AFBB83C00F6ACEB /* Animation.swift */ = {isa = PBXFileReference; lastKnownFileType = sourcecode.swift; path = Animation.swift; sourceTree = "<group>"; };
		2DA45CE32AFBB8A700F6ACEB /* DataStore.swift */ = {isa = PBXFileReference; lastKnownFileType = sourcecode.swift; path = DataStore.swift; sourceTree = "<group>"; };
/* End PBXFileReference section */

/* Begin PBXFrameworksBuildPhase section */
		2DA45CBF2AFBB3F600F6ACEB /* Frameworks */ = {
			isa = PBXFrameworksBuildPhase;
			buildActionMask = 2147483647;
			files = (
				2DA45CE72AFBB98A00F6ACEB /* SpringAnimation in Frameworks */,
			);
			runOnlyForDeploymentPostprocessing = 0;
		};
/* End PBXFrameworksBuildPhase section */

/* Begin PBXGroup section */
		2DA45CB92AFBB3F600F6ACEB = {
			isa = PBXGroup;
			children = (
				2DA45CC42AFBB3F600F6ACEB /* SpringAnimationApp */,
				2DA45CC32AFBB3F600F6ACEB /* Products */,
			);
			sourceTree = "<group>";
		};
		2DA45CC32AFBB3F600F6ACEB /* Products */ = {
			isa = PBXGroup;
			children = (
				2DA45CC22AFBB3F600F6ACEB /* SpringAnimationApp.app */,
			);
			name = Products;
			sourceTree = "<group>";
		};
		2DA45CC42AFBB3F600F6ACEB /* SpringAnimationApp */ = {
			isa = PBXGroup;
			children = (
				2DA45CDE2AFBB48100F6ACEB /* Services */,
				2DA45CDD2AFBB47600F6ACEB /* Model */,
				2DA45CDC2AFBB44E00F6ACEB /* ViewControllers */,
				2DA45CDB2AFBB43A00F6ACEB /* Resources */,
				2DA45CDA2AFBB42300F6ACEB /* Storyboards */,
				2DA45CD92AFBB40800F6ACEB /* SupportingFiles */,
			);
			path = SpringAnimationApp;
			sourceTree = "<group>";
		};
		2DA45CD92AFBB40800F6ACEB /* SupportingFiles */ = {
			isa = PBXGroup;
			children = (
				2DA45CC52AFBB3F600F6ACEB /* AppDelegate.swift */,
				2DA45CC72AFBB3F600F6ACEB /* SceneDelegate.swift */,
				2DA45CD32AFBB3F700F6ACEB /* Info.plist */,
			);
			path = SupportingFiles;
			sourceTree = "<group>";
		};
		2DA45CDA2AFBB42300F6ACEB /* Storyboards */ = {
			isa = PBXGroup;
			children = (
				2DA45CCB2AFBB3F600F6ACEB /* Main.storyboard */,
				2DA45CD02AFBB3F700F6ACEB /* LaunchScreen.storyboard */,
			);
			path = Storyboards;
			sourceTree = "<group>";
		};
		2DA45CDB2AFBB43A00F6ACEB /* Resources */ = {
			isa = PBXGroup;
			children = (
				2DA45CCE2AFBB3F700F6ACEB /* Assets.xcassets */,
			);
			path = Resources;
			sourceTree = "<group>";
		};
		2DA45CDC2AFBB44E00F6ACEB /* ViewControllers */ = {
			isa = PBXGroup;
			children = (
				2DA45CDF2AFBB7D900F6ACEB /* MainViewController.swift */,
			);
			path = ViewControllers;
			sourceTree = "<group>";
		};
		2DA45CDD2AFBB47600F6ACEB /* Model */ = {
			isa = PBXGroup;
			children = (
				2DA45CE12AFBB83C00F6ACEB /* Animation.swift */,
			);
			path = Model;
			sourceTree = "<group>";
		};
		2DA45CDE2AFBB48100F6ACEB /* Services */ = {
			isa = PBXGroup;
			children = (
				2DA45CE32AFBB8A700F6ACEB /* DataStore.swift */,
			);
			path = Services;
			sourceTree = "<group>";
		};
/* End PBXGroup section */

/* Begin PBXNativeTarget section */
		2DA45CC12AFBB3F600F6ACEB /* SpringAnimationApp */ = {
			isa = PBXNativeTarget;
			buildConfigurationList = 2DA45CD62AFBB3F700F6ACEB /* Build configuration list for PBXNativeTarget "SpringAnimationApp" */;
			buildPhases = (
				2DA45CBE2AFBB3F600F6ACEB /* Sources */,
				2DA45CBF2AFBB3F600F6ACEB /* Frameworks */,
				2DA45CC02AFBB3F600F6ACEB /* Resources */,
			);
			buildRules = (
			);
			dependencies = (
			);
			name = SpringAnimationApp;
			packageProductDependencies = (
				2DA45CE62AFBB98A00F6ACEB /* SpringAnimation */,
			);
			productName = SpringAnimationApp;
			productReference = 2DA45CC22AFBB3F600F6ACEB /* SpringAnimationApp.app */;
			productType = "com.apple.product-type.application";
		};
/* End PBXNativeTarget section */

/* Begin PBXProject section */
		2DA45CBA2AFBB3F600F6ACEB /* Project object */ = {
			isa = PBXProject;
			attributes = {
				BuildIndependentTargetsInParallel = 1;
				LastSwiftUpdateCheck = 1500;
				LastUpgradeCheck = 1500;
				TargetAttributes = {
					2DA45CC12AFBB3F600F6ACEB = {
						CreatedOnToolsVersion = 15.0.1;
					};
				};
			};
			buildConfigurationList = 2DA45CBD2AFBB3F600F6ACEB /* Build configuration list for PBXProject "SpringAnimationApp" */;
			compatibilityVersion = "Xcode 14.0";
			developmentRegion = en;
			hasScannedForEncodings = 0;
			knownRegions = (
				en,
				Base,
			);
			mainGroup = 2DA45CB92AFBB3F600F6ACEB;
			packageReferences = (
				2DA45CE52AFBB98A00F6ACEB /* XCRemoteSwiftPackageReference "SpringAnimation" */,
			);
			productRefGroup = 2DA45CC32AFBB3F600F6ACEB /* Products */;
			projectDirPath = "";
			projectRoot = "";
			targets = (
				2DA45CC12AFBB3F600F6ACEB /* SpringAnimationApp */,
			);
		};
/* End PBXProject section */

/* Begin PBXResourcesBuildPhase section */
		2DA45CC02AFBB3F600F6ACEB /* Resources */ = {
			isa = PBXResourcesBuildPhase;
			buildActionMask = 2147483647;
			files = (
				2DA45CD22AFBB3F700F6ACEB /* LaunchScreen.storyboard in Resources */,
				2DA45CCF2AFBB3F700F6ACEB /* Assets.xcassets in Resources */,
				2DA45CCD2AFBB3F600F6ACEB /* Main.storyboard in Resources */,
			);
			runOnlyForDeploymentPostprocessing = 0;
		};
/* End PBXResourcesBuildPhase section */

/* Begin PBXSourcesBuildPhase section */
		2DA45CBE2AFBB3F600F6ACEB /* Sources */ = {
			isa = PBXSourcesBuildPhase;
			buildActionMask = 2147483647;
			files = (
				2DA45CE02AFBB7D900F6ACEB /* MainViewController.swift in Sources */,
				2DA45CE42AFBB8A700F6ACEB /* DataStore.swift in Sources */,
				2DA45CC62AFBB3F600F6ACEB /* AppDelegate.swift in Sources */,
				2DA45CE22AFBB83C00F6ACEB /* Animation.swift in Sources */,
				2DA45CC82AFBB3F600F6ACEB /* SceneDelegate.swift in Sources */,
			);
			runOnlyForDeploymentPostprocessing = 0;
		};
/* End PBXSourcesBuildPhase section */

/* Begin PBXVariantGroup section */
		2DA45CCB2AFBB3F600F6ACEB /* Main.storyboard */ = {
			isa = PBXVariantGroup;
			children = (
				2DA45CCC2AFBB3F600F6ACEB /* Base */,
			);
			name = Main.storyboard;
			sourceTree = "<group>";
		};
		2DA45CD02AFBB3F700F6ACEB /* LaunchScreen.storyboard */ = {
			isa = PBXVariantGroup;
			children = (
				2DA45CD12AFBB3F700F6ACEB /* Base */,
			);
			name = LaunchScreen.storyboard;
			sourceTree = "<group>";
		};
/* End PBXVariantGroup section */

/* Begin XCBuildConfiguration section */
		2DA45CD42AFBB3F700F6ACEB /* Debug */ = {
			isa = XCBuildConfiguration;
			buildSettings = {
				ALWAYS_SEARCH_USER_PATHS = NO;
				ASSETCATALOG_COMPILER_GENERATE_SWIFT_ASSET_SYMBOL_EXTENSIONS = YES;
				CLANG_ANALYZER_NONNULL = YES;
				CLANG_ANALYZER_NUMBER_OBJECT_CONVERSION = YES_AGGRESSIVE;
				CLANG_CXX_LANGUAGE_STANDARD = "gnu++20";
				CLANG_ENABLE_MODULES = YES;
				CLANG_ENABLE_OBJC_ARC = YES;
				CLANG_ENABLE_OBJC_WEAK = YES;
				CLANG_WARN_BLOCK_CAPTURE_AUTORELEASING = YES;
				CLANG_WARN_BOOL_CONVERSION = YES;
				CLANG_WARN_COMMA = YES;
				CLANG_WARN_CONSTANT_CONVERSION = YES;
				CLANG_WARN_DEPRECATED_OBJC_IMPLEMENTATIONS = YES;
				CLANG_WARN_DIRECT_OBJC_ISA_USAGE = YES_ERROR;
				CLANG_WARN_DOCUMENTATION_COMMENTS = YES;
				CLANG_WARN_EMPTY_BODY = YES;
				CLANG_WARN_ENUM_CONVERSION = YES;
				CLANG_WARN_INFINITE_RECURSION = YES;
				CLANG_WARN_INT_CONVERSION = YES;
				CLANG_WARN_NON_LITERAL_NULL_CONVERSION = YES;
				CLANG_WARN_OBJC_IMPLICIT_RETAIN_SELF = YES;
				CLANG_WARN_OBJC_LITERAL_CONVERSION = YES;
				CLANG_WARN_OBJC_ROOT_CLASS = YES_ERROR;
				CLANG_WARN_QUOTED_INCLUDE_IN_FRAMEWORK_HEADER = YES;
				CLANG_WARN_RANGE_LOOP_ANALYSIS = YES;
				CLANG_WARN_STRICT_PROTOTYPES = YES;
				CLANG_WARN_SUSPICIOUS_MOVE = YES;
				CLANG_WARN_UNGUARDED_AVAILABILITY = YES_AGGRESSIVE;
				CLANG_WARN_UNREACHABLE_CODE = YES;
				CLANG_WARN__DUPLICATE_METHOD_MATCH = YES;
				COPY_PHASE_STRIP = NO;
				DEBUG_INFORMATION_FORMAT = dwarf;
				ENABLE_STRICT_OBJC_MSGSEND = YES;
				ENABLE_TESTABILITY = YES;
				ENABLE_USER_SCRIPT_SANDBOXING = YES;
				GCC_C_LANGUAGE_STANDARD = gnu17;
				GCC_DYNAMIC_NO_PIC = NO;
				GCC_NO_COMMON_BLOCKS = YES;
				GCC_OPTIMIZATION_LEVEL = 0;
				GCC_PREPROCESSOR_DEFINITIONS = (
					"DEBUG=1",
					"$(inherited)",
				);
				GCC_WARN_64_TO_32_BIT_CONVERSION = YES;
				GCC_WARN_ABOUT_RETURN_TYPE = YES_ERROR;
				GCC_WARN_UNDECLARED_SELECTOR = YES;
				GCC_WARN_UNINITIALIZED_AUTOS = YES_AGGRESSIVE;
				GCC_WARN_UNUSED_FUNCTION = YES;
				GCC_WARN_UNUSED_VARIABLE = YES;
				IPHONEOS_DEPLOYMENT_TARGET = 17.0;
				LOCALIZATION_PREFERS_STRING_CATALOGS = YES;
				MTL_ENABLE_DEBUG_INFO = INCLUDE_SOURCE;
				MTL_FAST_MATH = YES;
				ONLY_ACTIVE_ARCH = YES;
				SDKROOT = iphoneos;
				SWIFT_ACTIVE_COMPILATION_CONDITIONS = "DEBUG $(inherited)";
				SWIFT_OPTIMIZATION_LEVEL = "-Onone";
			};
			name = Debug;
		};
		2DA45CD52AFBB3F700F6ACEB /* Release */ = {
			isa = XCBuildConfiguration;
			buildSettings = {
				ALWAYS_SEARCH_USER_PATHS = NO;
				ASSETCATALOG_COMPILER_GENERATE_SWIFT_ASSET_SYMBOL_EXTENSIONS = YES;
				CLANG_ANALYZER_NONNULL = YES;
				CLANG_ANALYZER_NUMBER_OBJECT_CONVERSION = YES_AGGRESSIVE;
				CLANG_CXX_LANGUAGE_STANDARD = "gnu++20";
				CLANG_ENABLE_MODULES = YES;
				CLANG_ENABLE_OBJC_ARC = YES;
				CLANG_ENABLE_OBJC_WEAK = YES;
				CLANG_WARN_BLOCK_CAPTURE_AUTORELEASING = YES;
				CLANG_WARN_BOOL_CONVERSION = YES;
				CLANG_WARN_COMMA = YES;
				CLANG_WARN_CONSTANT_CONVERSION = YES;
				CLANG_WARN_DEPRECATED_OBJC_IMPLEMENTATIONS = YES;
				CLANG_WARN_DIRECT_OBJC_ISA_USAGE = YES_ERROR;
				CLANG_WARN_DOCUMENTATION_COMMENTS = YES;
				CLANG_WARN_EMPTY_BODY = YES;
				CLANG_WARN_ENUM_CONVERSION = YES;
				CLANG_WARN_INFINITE_RECURSION = YES;
				CLANG_WARN_INT_CONVERSION = YES;
				CLANG_WARN_NON_LITERAL_NULL_CONVERSION = YES;
				CLANG_WARN_OBJC_IMPLICIT_RETAIN_SELF = YES;
				CLANG_WARN_OBJC_LITERAL_CONVERSION = YES;
				CLANG_WARN_OBJC_ROOT_CLASS = YES_ERROR;
				CLANG_WARN_QUOTED_INCLUDE_IN_FRAMEWORK_HEADER = YES;
				CLANG_WARN_RANGE_LOOP_ANALYSIS = YES;
				CLANG_WARN_STRICT_PROTOTYPES = YES;
				CLANG_WARN_SUSPICIOUS_MOVE = YES;
				CLANG_WARN_UNGUARDED_AVAILABILITY = YES_AGGRESSIVE;
				CLANG_WARN_UNREACHABLE_CODE = YES;
				CLANG_WARN__DUPLICATE_METHOD_MATCH = YES;
				COPY_PHASE_STRIP = NO;
				DEBUG_INFORMATION_FORMAT = "dwarf-with-dsym";
				ENABLE_NS_ASSERTIONS = NO;
				ENABLE_STRICT_OBJC_MSGSEND = YES;
				ENABLE_USER_SCRIPT_SANDBOXING = YES;
				GCC_C_LANGUAGE_STANDARD = gnu17;
				GCC_NO_COMMON_BLOCKS = YES;
				GCC_WARN_64_TO_32_BIT_CONVERSION = YES;
				GCC_WARN_ABOUT_RETURN_TYPE = YES_ERROR;
				GCC_WARN_UNDECLARED_SELECTOR = YES;
				GCC_WARN_UNINITIALIZED_AUTOS = YES_AGGRESSIVE;
				GCC_WARN_UNUSED_FUNCTION = YES;
				GCC_WARN_UNUSED_VARIABLE = YES;
				IPHONEOS_DEPLOYMENT_TARGET = 17.0;
				LOCALIZATION_PREFERS_STRING_CATALOGS = YES;
				MTL_ENABLE_DEBUG_INFO = NO;
				MTL_FAST_MATH = YES;
				SDKROOT = iphoneos;
				SWIFT_COMPILATION_MODE = wholemodule;
				VALIDATE_PRODUCT = YES;
			};
			name = Release;
		};
		2DA45CD72AFBB3F700F6ACEB /* Debug */ = {
			isa = XCBuildConfiguration;
			buildSettings = {
				ASSETCATALOG_COMPILER_APPICON_NAME = AppIcon;
				ASSETCATALOG_COMPILER_GLOBAL_ACCENT_COLOR_NAME = AccentColor;
				CODE_SIGN_STYLE = Automatic;
				CURRENT_PROJECT_VERSION = 1;
				GENERATE_INFOPLIST_FILE = YES;
				INFOPLIST_FILE = SpringAnimationApp/SupportingFiles/Info.plist;
				INFOPLIST_KEY_UIApplicationSupportsIndirectInputEvents = YES;
				INFOPLIST_KEY_UILaunchStoryboardName = LaunchScreen;
				INFOPLIST_KEY_UIMainStoryboardFile = Main;
				INFOPLIST_KEY_UISupportedInterfaceOrientations_iPad = "UIInterfaceOrientationPortrait UIInterfaceOrientationPortraitUpsideDown UIInterfaceOrientationLandscapeLeft UIInterfaceOrientationLandscapeRight";
				INFOPLIST_KEY_UISupportedInterfaceOrientations_iPhone = "UIInterfaceOrientationPortrait UIInterfaceOrientationLandscapeLeft UIInterfaceOrientationLandscapeRight";
				LD_RUNPATH_SEARCH_PATHS = (
					"$(inherited)",
					"@executable_path/Frameworks",
				);
				MARKETING_VERSION = 1.0;
				PRODUCT_BUNDLE_IDENTIFIER = com.khafizov.SpringAnimationApp;
				PRODUCT_NAME = "$(TARGET_NAME)";
				SWIFT_EMIT_LOC_STRINGS = YES;
				SWIFT_VERSION = 5.0;
				TARGETED_DEVICE_FAMILY = "1,2";
			};
			name = Debug;
		};
		2DA45CD82AFBB3F700F6ACEB /* Release */ = {
			isa = XCBuildConfiguration;
			buildSettings = {
				ASSETCATALOG_COMPILER_APPICON_NAME = AppIcon;
				ASSETCATALOG_COMPILER_GLOBAL_ACCENT_COLOR_NAME = AccentColor;
				CODE_SIGN_STYLE = Automatic;
				CURRENT_PROJECT_VERSION = 1;
				GENERATE_INFOPLIST_FILE = YES;
				INFOPLIST_FILE = SpringAnimationApp/SupportingFiles/Info.plist;
				INFOPLIST_KEY_UIApplicationSupportsIndirectInputEvents = YES;
				INFOPLIST_KEY_UILaunchStoryboardName = LaunchScreen;
				INFOPLIST_KEY_UIMainStoryboardFile = Main;
				INFOPLIST_KEY_UISupportedInterfaceOrientations_iPad = "UIInterfaceOrientationPortrait UIInterfaceOrientationPortraitUpsideDown UIInterfaceOrientationLandscapeLeft UIInterfaceOrientationLandscapeRight";
				INFOPLIST_KEY_UISupportedInterfaceOrientations_iPhone = "UIInterfaceOrientationPortrait UIInterfaceOrientationLandscapeLeft UIInterfaceOrientationLandscapeRight";
				LD_RUNPATH_SEARCH_PATHS = (
					"$(inherited)",
					"@executable_path/Frameworks",
				);
				MARKETING_VERSION = 1.0;
				PRODUCT_BUNDLE_IDENTIFIER = com.khafizov.SpringAnimationApp;
				PRODUCT_NAME = "$(TARGET_NAME)";
				SWIFT_EMIT_LOC_STRINGS = YES;
				SWIFT_VERSION = 5.0;
				TARGETED_DEVICE_FAMILY = "1,2";
			};
			name = Release;
		};
/* End XCBuildConfiguration section */

/* Begin XCConfigurationList section */
		2DA45CBD2AFBB3F600F6ACEB /* Build configuration list for PBXProject "SpringAnimationApp" */ = {
			isa = XCConfigurationList;
			buildConfigurations = (
				2DA45CD42AFBB3F700F6ACEB /* Debug */,
				2DA45CD52AFBB3F700F6ACEB /* Release */,
			);
			defaultConfigurationIsVisible = 0;
			defaultConfigurationName = Release;
		};
		2DA45CD62AFBB3F700F6ACEB /* Build configuration list for PBXNativeTarget "SpringAnimationApp" */ = {
			isa = XCConfigurationList;
			buildConfigurations = (
				2DA45CD72AFBB3F700F6ACEB /* Debug */,
				2DA45CD82AFBB3F700F6ACEB /* Release */,
			);
			defaultConfigurationIsVisible = 0;
			defaultConfigurationName = Release;
		};
/* End XCConfigurationList section */

/* Begin XCRemoteSwiftPackageReference section */
		2DA45CE52AFBB98A00F6ACEB /* XCRemoteSwiftPackageReference "SpringAnimation" */ = {
			isa = XCRemoteSwiftPackageReference;
			repositoryURL = "https://github.com/LexDeBash/SpringAnimation.git";
			requirement = {
				kind = upToNextMajorVersion;
				minimumVersion = 0.3.0;
			};
		};
/* End XCRemoteSwiftPackageReference section */

/* Begin XCSwiftPackageProductDependency section */
		2DA45CE62AFBB98A00F6ACEB /* SpringAnimation */ = {
			isa = XCSwiftPackageProductDependency;
			package = 2DA45CE52AFBB98A00F6ACEB /* XCRemoteSwiftPackageReference "SpringAnimation" */;
			productName = SpringAnimation;
		};
/* End XCSwiftPackageProductDependency section */
	};
	rootObject = 2DA45CBA2AFBB3F600F6ACEB /* Project object */;
}
